// !$*UTF8*$!
{
	archiveVersion = 1;
	classes = {
	};
	objectVersion = 46;
	objects = {

/* Begin PBXBuildFile section */
		2C2F27001D67D3B000A5080F /* AppDelegate.swift in Sources */ = {isa = PBXBuildFile; fileRef = 2C2F26FF1D67D3B000A5080F /* AppDelegate.swift */; };
		2C2F27021D67D3B000A5080F /* ViewController.swift in Sources */ = {isa = PBXBuildFile; fileRef = 2C2F27011D67D3B000A5080F /* ViewController.swift */; };
		2C2F27051D67D3B000A5080F /* Main.storyboard in Resources */ = {isa = PBXBuildFile; fileRef = 2C2F27031D67D3B000A5080F /* Main.storyboard */; };
		2C2F27071D67D3B000A5080F /* Assets.xcassets in Resources */ = {isa = PBXBuildFile; fileRef = 2C2F27061D67D3B000A5080F /* Assets.xcassets */; };
		2C2F270A1D67D3B000A5080F /* LaunchScreen.storyboard in Resources */ = {isa = PBXBuildFile; fileRef = 2C2F27081D67D3B000A5080F /* LaunchScreen.storyboard */; };
		2C2F27121D67D42200A5080F /* StoreKit.framework in Frameworks */ = {isa = PBXBuildFile; fileRef = 2C2F27111D67D42200A5080F /* StoreKit.framework */; };
/* End PBXBuildFile section */

/* Begin PBXFileReference section */
		2C2F26FC1D67D3B000A5080F /* inAppPurchases.app */ = {isa = PBXFileReference; explicitFileType = wrapper.application; includeInIndex = 0; path = inAppPurchases.app; sourceTree = BUILT_PRODUCTS_DIR; };
		2C2F26FF1D67D3B000A5080F /* AppDelegate.swift */ = {isa = PBXFileReference; lastKnownFileType = sourcecode.swift; path = AppDelegate.swift; sourceTree = "<group>"; };
		2C2F27011D67D3B000A5080F /* ViewController.swift */ = {isa = PBXFileReference; lastKnownFileType = sourcecode.swift; path = ViewController.swift; sourceTree = "<group>"; };
		2C2F27041D67D3B000A5080F /* Base */ = {isa = PBXFileReference; lastKnownFileType = file.storyboard; name = Base; path = Base.lproj/Main.storyboard; sourceTree = "<group>"; };
		2C2F27061D67D3B000A5080F /* Assets.xcassets */ = {isa = PBXFileReference; lastKnownFileType = folder.assetcatalog; path = Assets.xcassets; sourceTree = "<group>"; };
		2C2F27091D67D3B000A5080F /* Base */ = {isa = PBXFileReference; lastKnownFileType = file.storyboard; name = Base; path = Base.lproj/LaunchScreen.storyboard; sourceTree = "<group>"; };
		2C2F270B1D67D3B000A5080F /* Info.plist */ = {isa = PBXFileReference; lastKnownFileType = text.plist.xml; path = Info.plist; sourceTree = "<group>"; };
		2C2F27111D67D42200A5080F /* StoreKit.framework */ = {isa = PBXFileReference; lastKnownFileType = wrapper.framework; name = StoreKit.framework; path = System/Library/Frameworks/StoreKit.framework; sourceTree = SDKROOT; };
/* End PBXFileReference section */

/* Begin PBXFrameworksBuildPhase section */
		2C2F26F91D67D3B000A5080F /* Frameworks */ = {
			isa = PBXFrameworksBuildPhase;
			buildActionMask = 2147483647;
			files = (
				2C2F27121D67D42200A5080F /* StoreKit.framework in Frameworks */,
			);
			runOnlyForDeploymentPostprocessing = 0;
		};
/* End PBXFrameworksBuildPhase section */

/* Begin PBXGroup section */
		2C2F26F31D67D3B000A5080F = {
			isa = PBXGroup;
			children = (
				2C2F27111D67D42200A5080F /* StoreKit.framework */,
				2C2F26FE1D67D3B000A5080F /* inAppPurchases */,
				2C2F26FD1D67D3B000A5080F /* Products */,
			);
			sourceTree = "<group>";
		};
		2C2F26FD1D67D3B000A5080F /* Products */ = {
			isa = PBXGroup;
			children = (
				2C2F26FC1D67D3B000A5080F /* inAppPurchases.app */,
			);
			name = Products;
			sourceTree = "<group>";
		};
		2C2F26FE1D67D3B000A5080F /* inAppPurchases */ = {
			isa = PBXGroup;
			children = (
				2C2F26FF1D67D3B000A5080F /* AppDelegate.swift */,
				2C2F27011D67D3B000A5080F /* ViewController.swift */,
				2C2F27031D67D3B000A5080F /* Main.storyboard */,
				2C2F27061D67D3B000A5080F /* Assets.xcassets */,
				2C2F27081D67D3B000A5080F /* LaunchScreen.storyboard */,
				2C2F270B1D67D3B000A5080F /* Info.plist */,
			);
			path = inAppPurchases;
			sourceTree = "<group>";
		};
/* End PBXGroup section */

/* Begin PBXNativeTarget section */
		2C2F26FB1D67D3B000A5080F /* inAppPurchases */ = {
			isa = PBXNativeTarget;
			buildConfigurationList = 2C2F270E1D67D3B000A5080F /* Build configuration list for PBXNativeTarget "inAppPurchases" */;
			buildPhases = (
				2C2F26F81D67D3B000A5080F /* Sources */,
				2C2F26F91D67D3B000A5080F /* Frameworks */,
				2C2F26FA1D67D3B000A5080F /* Resources */,
			);
			buildRules = (
			);
			dependencies = (
			);
			name = inAppPurchases;
			productName = inAppPurchases;
			productReference = 2C2F26FC1D67D3B000A5080F /* inAppPurchases.app */;
			productType = "com.apple.product-type.application";
		};
/* End PBXNativeTarget section */

/* Begin PBXProject section */
		2C2F26F41D67D3B000A5080F /* Project object */ = {
			isa = PBXProject;
			attributes = {
				LastSwiftUpdateCheck = 0730;
				LastUpgradeCheck = 0800;
				ORGANIZATIONNAME = "Cliff Weitzman";
				TargetAttributes = {
					2C2F26FB1D67D3B000A5080F = {
						CreatedOnToolsVersion = 7.3.1;
						DevelopmentTeam = 883642BDYB;
						LastSwiftMigration = 0800;
						SystemCapabilities = {
							com.apple.InAppPurchase = {
								enabled = 1;
							};
						};
					};
				};
			};
			buildConfigurationList = 2C2F26F71D67D3B000A5080F /* Build configuration list for PBXProject "inAppPurchases" */;
			compatibilityVersion = "Xcode 3.2";
			developmentRegion = English;
			hasScannedForEncodings = 0;
			knownRegions = (
				en,
				Base,
			);
			mainGroup = 2C2F26F31D67D3B000A5080F;
			productRefGroup = 2C2F26FD1D67D3B000A5080F /* Products */;
			projectDirPath = "";
			projectRoot = "";
			targets = (
				2C2F26FB1D67D3B000A5080F /* inAppPurchases */,
			);
		};
/* End PBXProject section */

/* Begin PBXResourcesBuildPhase section */
		2C2F26FA1D67D3B000A5080F /* Resources */ = {
			isa = PBXResourcesBuildPhase;
			buildActionMask = 2147483647;
			files = (
				2C2F270A1D67D3B000A5080F /* LaunchScreen.storyboard in Resources */,
				2C2F27071D67D3B000A5080F /* Assets.xcassets in Resources */,
				2C2F27051D67D3B000A5080F /* Main.storyboard in Resources */,
			);
			runOnlyForDeploymentPostprocessing = 0;
		};
/* End PBXResourcesBuildPhase section */

/* Begin PBXSourcesBuildPhase section */
		2C2F26F81D67D3B000A5080F /* Sources */ = {
			isa = PBXSourcesBuildPhase;
			buildActionMask = 2147483647;
			files = (
				2C2F27021D67D3B000A5080F /* ViewController.swift in Sources */,
				2C2F27001D67D3B000A5080F /* AppDelegate.swift in Sources */,
			);
			runOnlyForDeploymentPostprocessing = 0;
		};
/* End PBXSourcesBuildPhase section */

/* Begin PBXVariantGroup section */
		2C2F27031D67D3B000A5080F /* Main.storyboard */ = {
			isa = PBXVariantGroup;
			children = (
				2C2F27041D67D3B000A5080F /* Base */,
			);
			name = Main.storyboard;
			sourceTree = "<group>";
		};
		2C2F27081D67D3B000A5080F /* LaunchScreen.storyboard */ = {
			isa = PBXVariantGroup;
			children = (
				2C2F27091D67D3B000A5080F /* Base */,
			);
			name = LaunchScreen.storyboard;
			sourceTree = "<group>";
		};
/* End PBXVariantGroup section */

/* Begin XCBuildConfiguration section */
		2C2F270C1D67D3B000A5080F /* Debug */ = {
			isa = XCBuildConfiguration;
			buildSettings = {
				ALWAYS_SEARCH_USER_PATHS = NO;
				CLANG_ANALYZER_NONNULL = YES;
				CLANG_CXX_LANGUAGE_STANDARD = "gnu++0x";
				CLANG_CXX_LIBRARY = "libc++";
				CLANG_ENABLE_MODULES = YES;
				CLANG_ENABLE_OBJC_ARC = YES;
				CLANG_WARN_BOOL_CONVERSION = YES;
				CLANG_WARN_CONSTANT_CONVERSION = YES;
				CLANG_WARN_DIRECT_OBJC_ISA_USAGE = YES_ERROR;
				CLANG_WARN_EMPTY_BODY = YES;
				CLANG_WARN_ENUM_CONVERSION = YES;
				CLANG_WARN_INFINITE_RECURSION = YES;
				CLANG_WARN_INT_CONVERSION = YES;
				CLANG_WARN_OBJC_ROOT_CLASS = YES_ERROR;
				CLANG_WARN_SUSPICIOUS_MOVE = YES;
				CLANG_WARN_UNREACHABLE_CODE = YES;
				CLANG_WARN__DUPLICATE_METHOD_MATCH = YES;
				"CODE_SIGN_IDENTITY[sdk=iphoneos*]" = "iPhone Developer";
				COPY_PHASE_STRIP = NO;
				DEBUG_INFORMATION_FORMAT = dwarf;
				ENABLE_STRICT_OBJC_MSGSEND = YES;
				ENABLE_TESTABILITY = YES;
				GCC_C_LANGUAGE_STANDARD = gnu99;
				GCC_DYNAMIC_NO_PIC = NO;
				GCC_NO_COMMON_BLOCKS = YES;
				GCC_OPTIMIZATION_LEVEL = 0;
				GCC_PREPROCESSOR_DEFINITIONS = (
					"DEBUG=1",
					"$(inherited)",
				);
				GCC_WARN_64_TO_32_BIT_CONVERSION = YES;
				GCC_WARN_ABOUT_RETURN_TYPE = YES_ERROR;
				GCC_WARN_UNDECLARED_SELECTOR = YES;
				GCC_WARN_UNINITIALIZED_AUTOS = YES_AGGRESSIVE;
				GCC_WARN_UNUSED_FUNCTION = YES;
				GCC_WARN_UNUSED_VARIABLE = YES;
				IPHONEOS_DEPLOYMENT_TARGET = 9.3;
				MTL_ENABLE_DEBUG_INFO = YES;
				ONLY_ACTIVE_ARCH = YES;
				SDKROOT = iphoneos;
				SWIFT_OPTIMIZATION_LEVEL = "-Onone";
			};
			name = Debug;
		};
		2C2F270D1D67D3B000A5080F /* Release */ = {
			isa = XCBuildConfiguration;
			buildSettings = {
				ALWAYS_SEARCH_USER_PATHS = NO;
				CLANG_ANALYZER_NONNULL = YES;
				CLANG_CXX_LANGUAGE_STANDARD = "gnu++0x";
				CLANG_CXX_LIBRARY = "libc++";
				CLANG_ENABLE_MODULES = YES;
				CLANG_ENABLE_OBJC_ARC = YES;
				CLANG_WARN_BOOL_CONVERSION = YES;
				CLANG_WARN_CONSTANT_CONVERSION = YES;
				CLANG_WARN_DIRECT_OBJC_ISA_USAGE = YES_ERROR;
				CLANG_WARN_EMPTY_BODY = YES;
				CLANG_WARN_ENUM_CONVERSION = YES;
				CLANG_WARN_INFINITE_RECURSION = YES;
				CLANG_WARN_INT_CONVERSION = YES;
				CLANG_WARN_OBJC_ROOT_CLASS = YES_ERROR;
				CLANG_WARN_SUSPICIOUS_MOVE = YES;
				CLANG_WARN_UNREACHABLE_CODE = YES;
				CLANG_WARN__DUPLICATE_METHOD_MATCH = YES;
				"CODE_SIGN_IDENTITY[sdk=iphoneos*]" = "iPhone Developer";
				COPY_PHASE_STRIP = NO;
				DEBUG_INFORMATION_FORMAT = "dwarf-with-dsym";
				ENABLE_NS_ASSERTIONS = NO;
				ENABLE_STRICT_OBJC_MSGSEND = YES;
				GCC_C_LANGUAGE_STANDARD = gnu99;
				GCC_NO_COMMON_BLOCKS = YES;
				GCC_WARN_64_TO_32_BIT_CONVERSION = YES;
				GCC_WARN_ABOUT_RETURN_TYPE = YES_ERROR;
				GCC_WARN_UNDECLARED_SELECTOR = YES;
				GCC_WARN_UNINITIALIZED_AUTOS = YES_AGGRESSIVE;
				GCC_WARN_UNUSED_FUNCTION = YES;
				GCC_WARN_UNUSED_VARIABLE = YES;
				IPHONEOS_DEPLOYMENT_TARGET = 9.3;
				MTL_ENABLE_DEBUG_INFO = NO;
				SDKROOT = iphoneos;
				SWIFT_OPTIMIZATION_LEVEL = "-Owholemodule";
				VALIDATE_PRODUCT = YES;
			};
			name = Release;
		};
		2C2F270F1D67D3B000A5080F /* Debug */ = {
			isa = XCBuildConfiguration;
			buildSettings = {
				ASSETCATALOG_COMPILER_APPICON_NAME = AppIcon;
				INFOPLIST_FILE = inAppPurchases/Info.plist;
				LD_RUNPATH_SEARCH_PATHS = "$(inherited) @executable_path/Frameworks";
				PRODUCT_BUNDLE_IDENTIFIER = com.cliffweitzman.inAppPurchase;
				PRODUCT_NAME = "$(TARGET_NAME)";
				SWIFT_VERSION = 3.0;
			};
			name = Debug;
		};
		2C2F27101D67D3B000A5080F /* Release */ = {
			isa = XCBuildConfiguration;
			buildSettings = {
				ASSETCATALOG_COMPILER_APPICON_NAME = AppIcon;
				INFOPLIST_FILE = inAppPurchases/Info.plist;
				LD_RUNPATH_SEARCH_PATHS = "$(inherited) @executable_path/Frameworks";
				PRODUCT_BUNDLE_IDENTIFIER = com.cliffweitzman.inAppPurchase;
				PRODUCT_NAME = "$(TARGET_NAME)";
				SWIFT_VERSION = 3.0;
			};
			name = Release;
		};
/* End XCBuildConfiguration section */

/* Begin XCConfigurationList section */
		2C2F26F71D67D3B000A5080F /* Build configuration list for PBXProject "inAppPurchases" */ = {
			isa = XCConfigurationList;
			buildConfigurations = (
				2C2F270C1D67D3B000A5080F /* Debug */,
				2C2F270D1D67D3B000A5080F /* Release */,
			);
			defaultConfigurationIsVisible = 0;
			defaultConfigurationName = Release;
		};
		2C2F270E1D67D3B000A5080F /* Build configuration list for PBXNativeTarget "inAppPurchases" */ = {
			isa = XCConfigurationList;
			buildConfigurations = (
				2C2F270F1D67D3B000A5080F /* Debug */,
				2C2F27101D67D3B000A5080F /* Release */,
			);
			defaultConfigurationIsVisible = 0;
			defaultConfigurationName = Release;
		};
/* End XCConfigurationList section */
	};
	rootObject = 2C2F26F41D67D3B000A5080F /* Project object */;
}
